
Microsoft Visual Studio Solution File, Format Version 12.00
# Visual Studio 15
Project("{FAE04EC0-301F-11D3-BF4B-00C04F79EFBC}") = "Obi", "Obi.csproj", "{70C7387E-0A60-C804-755B-2ED58AAB60C1}"
EndProject
Project("{FAE04EC0-301F-11D3-BF4B-00C04F79EFBC}") = "Assembly-CSharp", "Assembly-CSharp.csproj", "{B2785F1D-36A3-DBBF-BDBB-BD95D1F75A56}"
EndProject
Project("{FAE04EC0-301F-11D3-BF4B-00C04F79EFBC}") = "Obi.Editor", "Obi.Editor.csproj", "{FDA7D8C5-13C4-DB08-7C5C-564C6DA6E318}"
EndProject
Global
	GlobalSection(SolutionConfigurationPlatforms) = preSolution
		Debug|Any CPU = Debug|Any CPU
		Release|Any CPU = Release|Any CPU
	EndGlobalSection
	GlobalSection(ProjectConfigurationPlatforms) = postSolution
		{70C7387E-0A60-C804-755B-2ED58AAB60C1}.Debug|Any CPU.ActiveCfg = Debug|Any CPU
		{70C7387E-0A60-C804-755B-2ED58AAB60C1}.Debug|Any CPU.Build.0 = Debug|Any CPU
		{70C7387E-0A60-C804-755B-2ED58AAB60C1}.Release|Any CPU.ActiveCfg = Release|Any CPU
		{70C7387E-0A60-C804-755B-2ED58AAB60C1}.Release|Any CPU.Build.0 = Release|Any CPU
		{B2785F1D-36A3-DBBF-BDBB-BD95D1F75A56}.Debug|Any CPU.ActiveCfg = Debug|Any CPU
		{B2785F1D-36A3-DBBF-BDBB-BD95D1F75A56}.Debug|Any CPU.Build.0 = Debug|Any CPU
		{B2785F1D-36A3-DBBF-BDBB-BD95D1F75A56}.Release|Any CPU.ActiveCfg = Release|Any CPU
		{B2785F1D-36A3-DBBF-BDBB-BD95D1F75A56}.Release|Any CPU.Build.0 = Release|Any CPU
		{FDA7D8C5-13C4-DB08-7C5C-564C6DA6E318}.Debug|Any CPU.ActiveCfg = Debug|Any CPU
		{FDA7D8C5-13C4-DB08-7C5C-564C6DA6E318}.Debug|Any CPU.Build.0 = Debug|Any CPU
		{FDA7D8C5-13C4-DB08-7C5C-564C6DA6E318}.Release|Any CPU.ActiveCfg = Release|Any CPU
		{FDA7D8C5-13C4-DB08-7C5C-564C6DA6E318}.Release|Any CPU.Build.0 = Release|Any CPU
	EndGlobalSection
	GlobalSection(SolutionProperties) = preSolution
		HideSolutionNode = FALSE
	EndGlobalSection
EndGlobal
